
Microsoft Visual Studio Solution File, Format Version 12.00
# Visual Studio Version 17
VisualStudioVersion = 17.9.34616.47
MinimumVisualStudioVersion = 10.0.40219.1
Project("{FAE04EC0-301F-11D3-BF4B-00C04F79EFBC}") = "EFC_Practice", "EFC_Practice\EFC_Practice.csproj", "{D7A34BE2-A317-42A5-8A9D-AFC75914A7D7}"
EndProject
Global
	GlobalSection(SolutionConfigurationPlatforms) = preSolution
		Debug|Any CPU = Debug|Any CPU
		Release|Any CPU = Release|Any CPU
	EndGlobalSection
	GlobalSection(ProjectConfigurationPlatforms) = postSolution
		{D7A34BE2-A317-42A5-8A9D-AFC75914A7D7}.Debug|Any CPU.ActiveCfg = Debug|Any CPU
		{D7A34BE2-A317-42A5-8A9D-AFC75914A7D7}.Debug|Any CPU.Build.0 = Debug|Any CPU
		{D7A34BE2-A317-42A5-8A9D-AFC75914A7D7}.Release|Any CPU.ActiveCfg = Release|Any CPU
		{D7A34BE2-A317-42A5-8A9D-AFC75914A7D7}.Release|Any CPU.Build.0 = Release|Any CPU
	EndGlobalSection
	GlobalSection(SolutionProperties) = preSolution
		HideSolutionNode = FALSE
	EndGlobalSection
	GlobalSection(ExtensibilityGlobals) = postSolution
		SolutionGuid = {61647C99-B9B3-404E-8E2D-F6DD6AD14621}
	EndGlobalSection
EndGlobal
